{
  "version": 4,
  "terraform_version": "1.12.6",
  "serial": 9,
  "lineage": "2e92224e-1c31-f13c-63ea-3fa2294fe2d0",
  "outputs": {
    "control_node_ip": {
      "value": "192.168.1.14",
      "type": "string"
    }
  },
  "resources": [
    {
      "mode": "managed",
      "type": "proxmox_virtual_environment_container",
      "name": "control_guest",
      "provider": "provider[\"registry.opentofu.org/bpg/proxmox\"]",
      "instances": [
        {
          "schema_version": 0,
          "attributes": {
            "clone": [],
            "console": [],
            "cpu": [
              {
                "architecture": "amd64",
                "cores": 1,
                "limit": 0,
                "units": 0
              }
            ],
            "description": "",
            "device_passthrough": [],
            "disk": [
              {
                "acl": false,
                "datastore_id": "local-lvm",
                "mount_options": null,
                "path_in_datastore": "local-lvm:vm-100-disk-0",
                "quota": false,
                "replicate": false,
                "size": 10
              }
            ],
            "environment_variables": null,
            "features": [
              {
                "fuse": false,
                "keyctl": false,
                "mknod": false,
                "mount": null,
                "nesting": true
              }
            ],
            "hook_script_file_id": "",
            "id": "100",
            "idmap": [],
            "initialization": [
              {
                "dns": [],
                "entrypoint": "",
                "hostname": "node-control",
                "ip_config": [
                  {
                    "ipv4": [
                      {
                        "address": "dhcp",
                        "gateway": ""
                      }
                    ],
                    "ipv6": []
                  }
                ],
                "user_account": [
                  {
                    "keys": [
                      "ssh-ed25519 AAAAC3NzaC1lZDI1NTE5AAAAIOMJB/t1lAr9s1eeIk/OASdUZLt/5ZwwMj4a9fYS3Ije homelab-operator"
                    ],
                    "password": ""
                  }
                ]
              }
            ],
            "ipv4": {
              "eth0": "192.168.1.14"
            },
            "ipv6": {
              "eth0": "fe80::be24:11ff:fe66:669a"
            },
            "memory": [
              {
                "dedicated": 1024,
                "swap": 0
              }
            ],
            "mount_point": [],
            "network_interface": [
              {
                "bridge": "vmbr0",
                "enabled": true,
                "firewall": false,
                "host_managed": false,
                "mac_address": "BC:24:11:66:66:9A",
                "mtu": 0,
                "name": "eth0",
                "rate_limit": 0,
                "vlan_id": 0
              }
            ],
            "node_name": "pve",
            "operating_system": [
              {
                "template_file_id": "local:vztmpl/debian-13-standard_13.6-1_amd64.tar.zst",
                "type": "debian"
              }
            ],
            "pool_id": null,
            "protection": false,
            "start_on_boot": true,
            "started": true,
            "startup": [],
            "tags": null,
            "template": false,
            "timeout_clone": 1800,
            "timeout_create": 1800,
            "timeout_delete": 60,
            "timeout_start": 300,
            "timeout_update": 1800,
            "unprivileged": true,
            "vm_id": 100,
            "wait_for_ip": []
          },
          "sensitive_attributes": [
            [
              {
                "type": "get_attr",
                "value": "initialization"
              },
              {
                "type": "index",
                "value": {
                  "value": 0,
                  "type": "number"
                }
              },
              {
                "type": "get_attr",
                "value": "user_account"
              },
              {
                "type": "index",
                "value": {
                  "value": 0,
                  "type": "number"
                }
              },
              {
                "type": "get_attr",
                "value": "password"
              }
            ]
          ],
          "private": "bnVsbA=="
        }
      ]
    }
  ],
  "check_results": null
}

